
Microsoft Visual Studio Solution File, Format Version 12.00
# Visual Studio Version 17
VisualStudioVersion = 17.4.33205.214
MinimumVisualStudioVersion = 10.0.40219.1
Project("{FAE04EC0-301F-11D3-BF4B-00C04F79EFBC}") = "CalculoArea", "CalculoArea\CalculoArea.csproj", "{BFAC8C48-79F6-44E8-A798-34B574773FBC}"
EndProject
Global
	GlobalSection(SolutionConfigurationPlatforms) = preSolution
		Debug|Any CPU = Debug|Any CPU
		Release|Any CPU = Release|Any CPU
	EndGlobalSection
	GlobalSection(ProjectConfigurationPlatforms) = postSolution
		{BFAC8C48-79F6-44E8-A798-34B574773FBC}.Debug|Any CPU.ActiveCfg = Debug|Any CPU
		{BFAC8C48-79F6-44E8-A798-34B574773FBC}.Debug|Any CPU.Build.0 = Debug|Any CPU
		{BFAC8C48-79F6-44E8-A798-34B574773FBC}.Release|Any CPU.ActiveCfg = Release|Any CPU
		{BFAC8C48-79F6-44E8-A798-34B574773FBC}.Release|Any CPU.Build.0 = Release|Any CPU
	EndGlobalSection
	GlobalSection(SolutionProperties) = preSolution
		HideSolutionNode = FALSE
	EndGlobalSection
	GlobalSection(ExtensibilityGlobals) = postSolution
		SolutionGuid = {8D6A0817-D598-43A0-96E7-2A5DC4FE80CE}
	EndGlobalSection
EndGlobal
